
Microsoft Visual Studio Solution File, Format Version 12.00
# Visual Studio 14
VisualStudioVersion = 14.0.25420.1
MinimumVisualStudioVersion = 10.0.40219.1
Project("{FAE04EC0-301F-11D3-BF4B-00C04F79EFBC}") = "Lab03-01", "Lab03-01\Lab03-01.csproj", "{2AA4C7D3-AC50-4AA3-8460-445856DA83E3}"
EndProject
Project("{FAE04EC0-301F-11D3-BF4B-00C04F79EFBC}") = "Lab03-03", "Lab03-03\Lab03-03.csproj", "{F44B2924-43D3-49B1-A162-EEA40A86299A}"
EndProject
Global
	GlobalSection(SolutionConfigurationPlatforms) = preSolution
		Debug|Any CPU = Debug|Any CPU
		Release|Any CPU = Release|Any CPU
	EndGlobalSection
	GlobalSection(ProjectConfigurationPlatforms) = postSolution
		{2AA4C7D3-AC50-4AA3-8460-445856DA83E3}.Debug|Any CPU.ActiveCfg = Debug|Any CPU
		{2AA4C7D3-AC50-4AA3-8460-445856DA83E3}.Debug|Any CPU.Build.0 = Debug|Any CPU
		{2AA4C7D3-AC50-4AA3-8460-445856DA83E3}.Release|Any CPU.ActiveCfg = Release|Any CPU
		{2AA4C7D3-AC50-4AA3-8460-445856DA83E3}.Release|Any CPU.Build.0 = Release|Any CPU
		{F44B2924-43D3-49B1-A162-EEA40A86299A}.Debug|Any CPU.ActiveCfg = Debug|Any CPU
		{F44B2924-43D3-49B1-A162-EEA40A86299A}.Debug|Any CPU.Build.0 = Debug|Any CPU
		{F44B2924-43D3-49B1-A162-EEA40A86299A}.Release|Any CPU.ActiveCfg = Release|Any CPU
		{F44B2924-43D3-49B1-A162-EEA40A86299A}.Release|Any CPU.Build.0 = Release|Any CPU
	EndGlobalSection
	GlobalSection(SolutionProperties) = preSolution
		HideSolutionNode = FALSE
	EndGlobalSection
EndGlobal
