
Microsoft Visual Studio Solution File, Format Version 12.00
# Visual Studio Version 16
VisualStudioVersion = 16.0.30804.86
MinimumVisualStudioVersion = 10.0.40219.1
Project("{FAE04EC0-301F-11D3-BF4B-00C04F79EFBC}") = "Lab03-01", "Lab03-01\Lab03-01.csproj", "{523DE848-9EB3-47FC-99D8-D7E8A0AA4B65}"
EndProject
Global
	GlobalSection(SolutionConfigurationPlatforms) = preSolution
		Debug|Any CPU = Debug|Any CPU
		Release|Any CPU = Release|Any CPU
	EndGlobalSection
	GlobalSection(ProjectConfigurationPlatforms) = postSolution
		{523DE848-9EB3-47FC-99D8-D7E8A0AA4B65}.Debug|Any CPU.ActiveCfg = Debug|Any CPU
		{523DE848-9EB3-47FC-99D8-D7E8A0AA4B65}.Debug|Any CPU.Build.0 = Debug|Any CPU
		{523DE848-9EB3-47FC-99D8-D7E8A0AA4B65}.Release|Any CPU.ActiveCfg = Release|Any CPU
		{523DE848-9EB3-47FC-99D8-D7E8A0AA4B65}.Release|Any CPU.Build.0 = Release|Any CPU
	EndGlobalSection
	GlobalSection(SolutionProperties) = preSolution
		HideSolutionNode = FALSE
	EndGlobalSection
	GlobalSection(ExtensibilityGlobals) = postSolution
		SolutionGuid = {6963F8D0-F20C-4F7D-808D-148D31EC034E}
	EndGlobalSection
EndGlobal
